
Microsoft Visual Studio Solution File, Format Version 12.00
# Visual Studio Version 16
VisualStudioVersion = 16.0.30225.117
MinimumVisualStudioVersion = 10.0.40219.1
Project("{9A19103F-16F7-4668-BE54-9A1E7A4F7556}") = "Shop", "Shop.csproj", "{575EF0F9-BF29-4505-82B6-6DD0E630A1BB}"
EndProject
Project("{2150E333-8FDC-42A3-9474-1A3956D46DE8}") = "Solution Items", "Solution Items", "{5E09B145-50AC-459B-9E19-9BA4E41D0AAB}"
	ProjectSection(SolutionItems) = preProject
		Settings.cs = Settings.cs
	EndProjectSection
EndProject
Global
	GlobalSection(SolutionConfigurationPlatforms) = preSolution
		Debug|Any CPU = Debug|Any CPU
		Release|Any CPU = Release|Any CPU
	EndGlobalSection
	GlobalSection(ProjectConfigurationPlatforms) = postSolution
		{575EF0F9-BF29-4505-82B6-6DD0E630A1BB}.Debug|Any CPU.ActiveCfg = Debug|Any CPU
		{575EF0F9-BF29-4505-82B6-6DD0E630A1BB}.Debug|Any CPU.Build.0 = Debug|Any CPU
		{575EF0F9-BF29-4505-82B6-6DD0E630A1BB}.Release|Any CPU.ActiveCfg = Release|Any CPU
		{575EF0F9-BF29-4505-82B6-6DD0E630A1BB}.Release|Any CPU.Build.0 = Release|Any CPU
	EndGlobalSection
	GlobalSection(SolutionProperties) = preSolution
		HideSolutionNode = FALSE
	EndGlobalSection
	GlobalSection(ExtensibilityGlobals) = postSolution
		SolutionGuid = {A1067D20-7359-4B4A-8794-8C897CB431CC}
	EndGlobalSection
EndGlobal
